Microsoft Visual Studio Solution File, Format Version 12.00
# Visual Studio Version 17
VisualStudioVersion = 17.5.2.0
MinimumVisualStudioVersion = 10.0.40219.1
Project("{FAE04EC0-301F-11D3-BF4B-00C04F79EFBC}") = "Satisfy", "Satisfy\Satisfy.csproj", "{9C371E80-D41D-8233-0A2E-BF1063ECFF9A}"
EndProject
Global
	GlobalSection(SolutionConfigurationPlatforms) = preSolution
		Debug|Any CPU = Debug|Any CPU
		Release|Any CPU = Release|Any CPU
	EndGlobalSection
	GlobalSection(ProjectConfigurationPlatforms) = postSolution
		{9C371E80-D41D-8233-0A2E-BF1063ECFF9A}.Debug|Any CPU.ActiveCfg = Debug|Any CPU
		{9C371E80-D41D-8233-0A2E-BF1063ECFF9A}.Debug|Any CPU.Build.0 = Debug|Any CPU
		{9C371E80-D41D-8233-0A2E-BF1063ECFF9A}.Release|Any CPU.ActiveCfg = Release|Any CPU
		{9C371E80-D41D-8233-0A2E-BF1063ECFF9A}.Release|Any CPU.Build.0 = Release|Any CPU
	EndGlobalSection
	GlobalSection(SolutionProperties) = preSolution
		HideSolutionNode = FALSE
	EndGlobalSection
	GlobalSection(ExtensibilityGlobals) = postSolution
		SolutionGuid = {C0710039-5FF2-4171-8228-AF45DCD71866}
	EndGlobalSection
EndGlobal
